// !$*UTF8*$!
{
	archiveVersion = 1;
	classes = {
	};
	objectVersion = 77;
	objects = {

/* Begin PBXContainerItemProxy section */
		88ABDCB32E2C5C7000BDC412 /* PBXContainerItemProxy */ = {
			isa = PBXContainerItemProxy;
			containerPortal = 88ABDC9D2E2C5C6E00BDC412 /* Project object */;
			proxyType = 1;
			remoteGlobalIDString = 88ABDCA42E2C5C6E00BDC412;
			remoteInfo = Mooday;
		};
		88ABDCBD2E2C5C7000BDC412 /* PBXContainerItemProxy */ = {
			isa = PBXContainerItemProxy;
			containerPortal = 88ABDC9D2E2C5C6E00BDC412 /* Project object */;
			proxyType = 1;
			remoteGlobalIDString = 88ABDCA42E2C5C6E00BDC412;
			remoteInfo = Mooday;
		};
/* End PBXContainerItemProxy section */

/* Begin PBXFileReference section */
		88ABDCA52E2C5C6E00BDC412 /* Moodae.app */ = {isa = PBXFileReference; explicitFileType = wrapper.application; includeInIndex = 0; path = Moodae.app; sourceTree = BUILT_PRODUCTS_DIR; };
		88ABDCB22E2C5C7000BDC412 /* MoodaeTests.xctest */ = {isa = PBXFileReference; explicitFileType = wrapper.cfbundle; includeInIndex = 0; path = MoodaeTests.xctest; sourceTree = BUILT_PRODUCTS_DIR; };
		88ABDCBC2E2C5C7000BDC412 /* MoodaeUITests.xctest */ = {isa = PBXFileReference; explicitFileType = wrapper.cfbundle; includeInIndex = 0; path = MoodaeUITests.xctest; sourceTree = BUILT_PRODUCTS_DIR; };
/* End PBXFileReference section */

/* Begin PBXFileSystemSynchronizedRootGroup section */
		88ABDCA72E2C5C6E00BDC412 /* Moodae */ = {
			isa = PBXFileSystemSynchronizedRootGroup;
			path = Moodae;
			sourceTree = "<group>";
		};
		88ABDCB52E2C5C7000BDC412 /* MoodaeTests */ = {
			isa = PBXFileSystemSynchronizedRootGroup;
			path = MoodaeTests;
			sourceTree = "<group>";
		};
		88ABDCBF2E2C5C7000BDC412 /* MoodaeUITests */ = {
			isa = PBXFileSystemSynchronizedRootGroup;
			path = MoodaeUITests;
			sourceTree = "<group>";
		};
/* End PBXFileSystemSynchronizedRootGroup section */

/* Begin PBXFrameworksBuildPhase section */
		88ABDCA22E2C5C6E00BDC412 /* Frameworks */ = {
			isa = PBXFrameworksBuildPhase;
			buildActionMask = 2147483647;
			files = (
			);
			runOnlyForDeploymentPostprocessing = 0;
		};
		88ABDCAF2E2C5C7000BDC412 /* Frameworks */ = {
			isa = PBXFrameworksBuildPhase;
			buildActionMask = 2147483647;
			files = (
			);
			runOnlyForDeploymentPostprocessing = 0;
		};
		88ABDCB92E2C5C7000BDC412 /* Frameworks */ = {
			isa = PBXFrameworksBuildPhase;
			buildActionMask = 2147483647;
			files = (
			);
			runOnlyForDeploymentPostprocessing = 0;
		};
/* End PBXFrameworksBuildPhase section */

/* Begin PBXGroup section */
		88ABDC9C2E2C5C6E00BDC412 = {
			isa = PBXGroup;
			children = (
				88ABDCA72E2C5C6E00BDC412 /* Moodae */,
				88ABDCB52E2C5C7000BDC412 /* MoodaeTests */,
				88ABDCBF2E2C5C7000BDC412 /* MoodaeUITests */,
				88ABDCA62E2C5C6E00BDC412 /* Products */,
			);
			sourceTree = "<group>";
		};
		88ABDCA62E2C5C6E00BDC412 /* Products */ = {
			isa = PBXGroup;
			children = (
				88ABDCA52E2C5C6E00BDC412 /* Moodae.app */,
				88ABDCB22E2C5C7000BDC412 /* MoodaeTests.xctest */,
				88ABDCBC2E2C5C7000BDC412 /* MoodaeUITests.xctest */,
			);
			name = Products;
			sourceTree = "<group>";
		};
/* End PBXGroup section */

/* Begin PBXNativeTarget section */
		88ABDCA42E2C5C6E00BDC412 /* Moodae */ = {
			isa = PBXNativeTarget;
			buildConfigurationList = 88ABDCC62E2C5C7000BDC412 /* Build configuration list for PBXNativeTarget "Moodae" */;
			buildPhases = (
				88ABDCA12E2C5C6E00BDC412 /* Sources */,
				88ABDCA22E2C5C6E00BDC412 /* Frameworks */,
				88ABDCA32E2C5C6E00BDC412 /* Resources */,
			);
			buildRules = (
			);
			dependencies = (
			);
			fileSystemSynchronizedGroups = (
				88ABDCA72E2C5C6E00BDC412 /* Moodae */,
			);
			name = Moodae;
			packageProductDependencies = (
			);
			productName = Moodae;
			productReference = 88ABDCA52E2C5C6E00BDC412 /* Moodae.app */;
			productType = "com.apple.product-type.application";
		};
		88ABDCB12E2C5C7000BDC412 /* MoodaeTests */ = {
			isa = PBXNativeTarget;
			buildConfigurationList = 88ABDCC92E2C5C7000BDC412 /* Build configuration list for PBXNativeTarget "MoodaeTests" */;
			buildPhases = (
				88ABDCAE2E2C5C7000BDC412 /* Sources */,
				88ABDCAF2E2C5C7000BDC412 /* Frameworks */,
				88ABDCB02E2C5C7000BDC412 /* Resources */,
			);
			buildRules = (
			);
			dependencies = (
				88ABDCB42E2C5C7000BDC412 /* PBXTargetDependency */,
			);
			fileSystemSynchronizedGroups = (
				88ABDCB52E2C5C7000BDC412 /* MoodaeTests */,
			);
			name = MoodaeTests;
			packageProductDependencies = (
			);
			productName = MoodaeTests;
			productReference = 88ABDCB22E2C5C7000BDC412 /* MoodaeTests.xctest */;
			productType = "com.apple.product-type.bundle.unit-test";
		};
		88ABDCBB2E2C5C7000BDC412 /* MoodaeUITests */ = {
			isa = PBXNativeTarget;
			buildConfigurationList = 88ABDCCC2E2C5C7000BDC412 /* Build configuration list for PBXNativeTarget "MoodaeUITests" */;
			buildPhases = (
				88ABDCB82E2C5C7000BDC412 /* Sources */,
				88ABDCB92E2C5C7000BDC412 /* Frameworks */,
				88ABDCBA2E2C5C7000BDC412 /* Resources */,
			);
			buildRules = (
			);
			dependencies = (
				88ABDCBE2E2C5C7000BDC412 /* PBXTargetDependency */,
			);
			fileSystemSynchronizedGroups = (
				88ABDCBF2E2C5C7000BDC412 /* MoodaeUITests */,
			);
			name = MoodaeUITests;
			packageProductDependencies = (
			);
			productName = MoodaeUITests;
			productReference = 88ABDCBC2E2C5C7000BDC412 /* MoodaeUITests.xctest */;
			productType = "com.apple.product-type.bundle.ui-testing";
		};
/* End PBXNativeTarget section */

/* Begin PBXProject section */
		88ABDC9D2E2C5C6E00BDC412 /* Project object */ = {
			isa = PBXProject;
			attributes = {
				BuildIndependentTargetsInParallel = 1;
				LastSwiftUpdateCheck = 1640;
				LastUpgradeCheck = 1640;
				TargetAttributes = {
					88ABDCA42E2C5C6E00BDC412 = {
						CreatedOnToolsVersion = 16.4;
					};
					88ABDCB12E2C5C7000BDC412 = {
						CreatedOnToolsVersion = 16.4;
						TestTargetID = 88ABDCA42E2C5C6E00BDC412;
					};
					88ABDCBB2E2C5C7000BDC412 = {
						CreatedOnToolsVersion = 16.4;
						TestTargetID = 88ABDCA42E2C5C6E00BDC412;
					};
				};
			};
			buildConfigurationList = 88ABDCA02E2C5C6E00BDC412 /* Build configuration list for PBXProject "Moodae" */;
			developmentRegion = en;
			hasScannedForEncodings = 0;
			knownRegions = (
				en,
				Base,
			);
			mainGroup = 88ABDC9C2E2C5C6E00BDC412;
			minimizedProjectReferenceProxies = 1;
			preferredProjectObjectVersion = 77;
			productRefGroup = 88ABDCA62E2C5C6E00BDC412 /* Products */;
			projectDirPath = "";
			projectRoot = "";
			targets = (
				88ABDCA42E2C5C6E00BDC412 /* Moodae */,
				88ABDCB12E2C5C7000BDC412 /* MoodaeTests */,
				88ABDCBB2E2C5C7000BDC412 /* MoodaeUITests */,
			);
		};
/* End PBXProject section */

/* Begin PBXResourcesBuildPhase section */
		88ABDCA32E2C5C6E00BDC412 /* Resources */ = {
			isa = PBXResourcesBuildPhase;
			buildActionMask = 2147483647;
			files = (
			);
			runOnlyForDeploymentPostprocessing = 0;
		};
		88ABDCB02E2C5C7000BDC412 /* Resources */ = {
			isa = PBXResourcesBuildPhase;
			buildActionMask = 2147483647;
			files = (
			);
			runOnlyForDeploymentPostprocessing = 0;
		};
		88ABDCBA2E2C5C7000BDC412 /* Resources */ = {
			isa = PBXResourcesBuildPhase;
			buildActionMask = 2147483647;
			files = (
			);
			runOnlyForDeploymentPostprocessing = 0;
		};
/* End PBXResourcesBuildPhase section */

/* Begin PBXSourcesBuildPhase section */
		88ABDCA12E2C5C6E00BDC412 /* Sources */ = {
			isa = PBXSourcesBuildPhase;
			buildActionMask = 2147483647;
			files = (
			);
			runOnlyForDeploymentPostprocessing = 0;
		};
		88ABDCAE2E2C5C7000BDC412 /* Sources */ = {
			isa = PBXSourcesBuildPhase;
			buildActionMask = 2147483647;
			files = (
			);
			runOnlyForDeploymentPostprocessing = 0;
		};
		88ABDCB82E2C5C7000BDC412 /* Sources */ = {
			isa = PBXSourcesBuildPhase;
			buildActionMask = 2147483647;
			files = (
			);
			runOnlyForDeploymentPostprocessing = 0;
		};
/* End PBXSourcesBuildPhase section */

/* Begin PBXTargetDependency section */
		88ABDCB42E2C5C7000BDC412 /* PBXTargetDependency */ = {
			isa = PBXTargetDependency;
			target = 88ABDCA42E2C5C6E00BDC412 /* Moodae */;
			targetProxy = 88ABDCB32E2C5C7000BDC412 /* PBXContainerItemProxy */;
		};
		88ABDCBE2E2C5C7000BDC412 /* PBXTargetDependency */ = {
			isa = PBXTargetDependency;
			target = 88ABDCA42E2C5C6E00BDC412 /* Moodae */;
			targetProxy = 88ABDCBD2E2C5C7000BDC412 /* PBXContainerItemProxy */;
		};
/* End PBXTargetDependency section */

/* Begin XCBuildConfiguration section */
		88ABDCC42E2C5C7000BDC412 /* Debug */ = {
			isa = XCBuildConfiguration;
			buildSettings = {
				ALWAYS_SEARCH_USER_PATHS = NO;
				ASSETCATALOG_COMPILER_GENERATE_SWIFT_ASSET_SYMBOL_EXTENSIONS = YES;
				CLANG_ANALYZER_NONNULL = YES;
				CLANG_ANALYZER_NUMBER_OBJECT_CONVERSION = YES_AGGRESSIVE;
				CLANG_CXX_LANGUAGE_STANDARD = "gnu++20";
				CLANG_ENABLE_MODULES = YES;
				CLANG_ENABLE_OBJC_ARC = YES;
				CLANG_ENABLE_OBJC_WEAK = YES;
				CLANG_WARN_BLOCK_CAPTURE_AUTORELEASING = YES;
				CLANG_WARN_BOOL_CONVERSION = YES;
				CLANG_WARN_COMMA = YES;
				CLANG_WARN_CONSTANT_CONVERSION = YES;
				CLANG_WARN_DEPRECATED_OBJC_IMPLEMENTATIONS = YES;
				CLANG_WARN_DIRECT_OBJC_ISA_USAGE = YES_ERROR;
				CLANG_WARN_DOCUMENTATION_COMMENTS = YES;
				CLANG_WARN_EMPTY_BODY = YES;
				CLANG_WARN_ENUM_CONVERSION = YES;
				CLANG_WARN_INFINITE_RECURSION = YES;
				CLANG_WARN_INT_CONVERSION = YES;
				CLANG_WARN_NON_LITERAL_NULL_CONVERSION = YES;
				CLANG_WARN_OBJC_IMPLICIT_RETAIN_SELF = YES;
				CLANG_WARN_OBJC_LITERAL_CONVERSION = YES;
				CLANG_WARN_OBJC_ROOT_CLASS = YES_ERROR;
				CLANG_WARN_QUOTED_INCLUDE_IN_FRAMEWORK_HEADER = YES;
				CLANG_WARN_RANGE_LOOP_ANALYSIS = YES;
				CLANG_WARN_STRICT_PROTOTYPES = YES;
				CLANG_WARN_SUSPICIOUS_MOVE = YES;
				CLANG_WARN_UNGUARDED_AVAILABILITY = YES_AGGRESSIVE;
				CLANG_WARN_UNREACHABLE_CODE = YES;
				CLANG_WARN__DUPLICATE_METHOD_MATCH = YES;
				COPY_PHASE_STRIP = NO;
				DEBUG_INFORMATION_FORMAT = dwarf;
				DEVELOPMENT_TEAM = NJPJ6AF4S5;
				ENABLE_STRICT_OBJC_MSGSEND = YES;
				ENABLE_TESTABILITY = YES;
				ENABLE_USER_SCRIPT_SANDBOXING = YES;
				GCC_C_LANGUAGE_STANDARD = gnu17;
				GCC_DYNAMIC_NO_PIC = NO;
				GCC_NO_COMMON_BLOCKS = YES;
				GCC_OPTIMIZATION_LEVEL = 0;
				GCC_PREPROCESSOR_DEFINITIONS = (
					"DEBUG=1",
					"$(inherited)",
				);
				GCC_WARN_64_TO_32_BIT_CONVERSION = YES;
				GCC_WARN_ABOUT_RETURN_TYPE = YES_ERROR;
				GCC_WARN_UNDECLARED_SELECTOR = YES;
				GCC_WARN_UNINITIALIZED_AUTOS = YES_AGGRESSIVE;
				GCC_WARN_UNUSED_FUNCTION = YES;
				GCC_WARN_UNUSED_VARIABLE = YES;
				IPHONEOS_DEPLOYMENT_TARGET = 18.5;
				LOCALIZATION_PREFERS_STRING_CATALOGS = YES;
				MTL_ENABLE_DEBUG_INFO = INCLUDE_SOURCE;
				MTL_FAST_MATH = YES;
				ONLY_ACTIVE_ARCH = YES;
				SDKROOT = iphoneos;
				SWIFT_ACTIVE_COMPILATION_CONDITIONS = "DEBUG $(inherited)";
				SWIFT_OPTIMIZATION_LEVEL = "-Onone";
			};
			name = Debug;
		};
		88ABDCC52E2C5C7000BDC412 /* Release */ = {
			isa = XCBuildConfiguration;
			buildSettings = {
				ALWAYS_SEARCH_USER_PATHS = NO;
				ASSETCATALOG_COMPILER_GENERATE_SWIFT_ASSET_SYMBOL_EXTENSIONS = YES;
				CLANG_ANALYZER_NONNULL = YES;
				CLANG_ANALYZER_NUMBER_OBJECT_CONVERSION = YES_AGGRESSIVE;
				CLANG_CXX_LANGUAGE_STANDARD = "gnu++20";
				CLANG_ENABLE_MODULES = YES;
				CLANG_ENABLE_OBJC_ARC = YES;
				CLANG_ENABLE_OBJC_WEAK = YES;
				CLANG_WARN_BLOCK_CAPTURE_AUTORELEASING = YES;
				CLANG_WARN_BOOL_CONVERSION = YES;
				CLANG_WARN_COMMA = YES;
				CLANG_WARN_CONSTANT_CONVERSION = YES;
				CLANG_WARN_DEPRECATED_OBJC_IMPLEMENTATIONS = YES;
				CLANG_WARN_DIRECT_OBJC_ISA_USAGE = YES_ERROR;
				CLANG_WARN_DOCUMENTATION_COMMENTS = YES;
				CLANG_WARN_EMPTY_BODY = YES;
				CLANG_WARN_ENUM_CONVERSION = YES;
				CLANG_WARN_INFINITE_RECURSION = YES;
				CLANG_WARN_INT_CONVERSION = YES;
				CLANG_WARN_NON_LITERAL_NULL_CONVERSION = YES;
				CLANG_WARN_OBJC_IMPLICIT_RETAIN_SELF = YES;
				CLANG_WARN_OBJC_LITERAL_CONVERSION = YES;
				CLANG_WARN_OBJC_ROOT_CLASS = YES_ERROR;
				CLANG_WARN_QUOTED_INCLUDE_IN_FRAMEWORK_HEADER = YES;
				CLANG_WARN_RANGE_LOOP_ANALYSIS = YES;
				CLANG_WARN_STRICT_PROTOTYPES = YES;
				CLANG_WARN_SUSPICIOUS_MOVE = YES;
				CLANG_WARN_UNGUARDED_AVAILABILITY = YES_AGGRESSIVE;
				CLANG_WARN_UNREACHABLE_CODE = YES;
				CLANG_WARN__DUPLICATE_METHOD_MATCH = YES;
				COPY_PHASE_STRIP = NO;
				DEBUG_INFORMATION_FORMAT = "dwarf-with-dsym";
				DEVELOPMENT_TEAM = NJPJ6AF4S5;
				ENABLE_NS_ASSERTIONS = NO;
				ENABLE_STRICT_OBJC_MSGSEND = YES;
				ENABLE_USER_SCRIPT_SANDBOXING = YES;
				GCC_C_LANGUAGE_STANDARD = gnu17;
				GCC_NO_COMMON_BLOCKS = YES;
				GCC_WARN_64_TO_32_BIT_CONVERSION = YES;
				GCC_WARN_ABOUT_RETURN_TYPE = YES_ERROR;
				GCC_WARN_UNDECLARED_SELECTOR = YES;
				GCC_WARN_UNINITIALIZED_AUTOS = YES_AGGRESSIVE;
				GCC_WARN_UNUSED_FUNCTION = YES;
				GCC_WARN_UNUSED_VARIABLE = YES;
				IPHONEOS_DEPLOYMENT_TARGET = 18.5;
				LOCALIZATION_PREFERS_STRING_CATALOGS = YES;
				MTL_ENABLE_DEBUG_INFO = NO;
				MTL_FAST_MATH = YES;
				SDKROOT = iphoneos;
				SWIFT_COMPILATION_MODE = wholemodule;
				VALIDATE_PRODUCT = YES;
			};
			name = Release;
		};
		88ABDCC72E2C5C7000BDC412 /* Debug */ = {
			isa = XCBuildConfiguration;
			buildSettings = {
				ASSETCATALOG_COMPILER_APPICON_NAME = AppIcon;
				ASSETCATALOG_COMPILER_GLOBAL_ACCENT_COLOR_NAME = AccentColor;
				CODE_SIGN_ENTITLEMENTS = Moodae/Moodae.entitlements;
				CODE_SIGN_STYLE = Automatic;
				CURRENT_PROJECT_VERSION = 1;
				DEVELOPMENT_TEAM = NJPJ6AF4S5;
				ENABLE_PREVIEWS = YES;
				GENERATE_INFOPLIST_FILE = YES;
				INFOPLIST_KEY_CFBundleDisplayName = Moodae;
				INFOPLIST_KEY_NSCameraUsageDescription = "Moodae would like to access your camera to let you capture photos for your mood entries";
				INFOPLIST_KEY_NSHealthShareUsageDescription = "Moodae would like to access your health data to help you understand patterns between your physical wellbeing and mood. This data stays private on your device and is never shared.";
				INFOPLIST_KEY_NSHealthUpdateUsageDescription = "Moodae would like to access your health data to provide personalized insights about your mood patterns. All data remains private and secure on your device.";
				INFOPLIST_KEY_NSMicrophoneUsageDescription = "Moodae uses the microphone to record your mood reflections for personal journaling. Your recordings stay private on your device.";
				INFOPLIST_KEY_NSPhotoLibraryUsageDescription = "Moodae would like to access your photo library to let you add photos to your mood entries";
				INFOPLIST_KEY_UIApplicationSceneManifest_Generation = YES;
				INFOPLIST_KEY_UIApplicationSupportsIndirectInputEvents = YES;
				INFOPLIST_KEY_UILaunchScreen_Generation = YES;
				INFOPLIST_KEY_UISupportedInterfaceOrientations_iPad = "UIInterfaceOrientationPortrait UIInterfaceOrientationPortraitUpsideDown UIInterfaceOrientationLandscapeLeft UIInterfaceOrientationLandscapeRight";
				INFOPLIST_KEY_UISupportedInterfaceOrientations_iPhone = "UIInterfaceOrientationPortrait UIInterfaceOrientationLandscapeLeft UIInterfaceOrientationLandscapeRight";
				LD_RUNPATH_SEARCH_PATHS = (
					"$(inherited)",
					"@executable_path/Frameworks",
				);
				MARKETING_VERSION = 1.0;
				PRODUCT_BUNDLE_IDENTIFIER = com.moodae.Moodae;
				PRODUCT_NAME = "$(TARGET_NAME)";
				SWIFT_EMIT_LOC_STRINGS = YES;
				SWIFT_VERSION = 5.0;
				TARGETED_DEVICE_FAMILY = "1,2";
			};
			name = Debug;
		};
		88ABDCC82E2C5C7000BDC412 /* Release */ = {
			isa = XCBuildConfiguration;
			buildSettings = {
				ASSETCATALOG_COMPILER_APPICON_NAME = AppIcon;
				ASSETCATALOG_COMPILER_GLOBAL_ACCENT_COLOR_NAME = AccentColor;
				CODE_SIGN_ENTITLEMENTS = Moodae/Moodae.entitlements;
				CODE_SIGN_STYLE = Automatic;
				CURRENT_PROJECT_VERSION = 1;
				DEVELOPMENT_TEAM = NJPJ6AF4S5;
				ENABLE_PREVIEWS = YES;
				GENERATE_INFOPLIST_FILE = YES;
				INFOPLIST_KEY_CFBundleDisplayName = Moodae;
				INFOPLIST_KEY_NSCameraUsageDescription = "Moodae would like to access your camera to let you capture photos for your mood entries";
				INFOPLIST_KEY_NSHealthShareUsageDescription = "Moodae would like to access your health data to help you understand patterns between your physical wellbeing and mood. This data stays private on your device and is never shared.";
				INFOPLIST_KEY_NSHealthUpdateUsageDescription = "Moodae would like to access your health data to provide personalized insights about your mood patterns. All data remains private and secure on your device.";
				INFOPLIST_KEY_NSMicrophoneUsageDescription = "Moodae uses the microphone to record your mood reflections for personal journaling. Your recordings stay private on your device.";
				INFOPLIST_KEY_NSPhotoLibraryUsageDescription = "Moodae would like to access your photo library to let you add photos to your mood entries";
				INFOPLIST_KEY_UIApplicationSceneManifest_Generation = YES;
				INFOPLIST_KEY_UIApplicationSupportsIndirectInputEvents = YES;
				INFOPLIST_KEY_UILaunchScreen_Generation = YES;
				INFOPLIST_KEY_UISupportedInterfaceOrientations_iPad = "UIInterfaceOrientationPortrait UIInterfaceOrientationPortraitUpsideDown UIInterfaceOrientationLandscapeLeft UIInterfaceOrientationLandscapeRight";
				INFOPLIST_KEY_UISupportedInterfaceOrientations_iPhone = "UIInterfaceOrientationPortrait UIInterfaceOrientationLandscapeLeft UIInterfaceOrientationLandscapeRight";
				LD_RUNPATH_SEARCH_PATHS = (
					"$(inherited)",
					"@executable_path/Frameworks",
				);
				MARKETING_VERSION = 1.0;
				PRODUCT_BUNDLE_IDENTIFIER = com.moodae.Moodae;
				PRODUCT_NAME = "$(TARGET_NAME)";
				SWIFT_EMIT_LOC_STRINGS = YES;
				SWIFT_VERSION = 5.0;
				TARGETED_DEVICE_FAMILY = "1,2";
			};
			name = Release;
		};
		88ABDCCA2E2C5C7000BDC412 /* Debug */ = {
			isa = XCBuildConfiguration;
			buildSettings = {
				BUNDLE_LOADER = "$(TEST_HOST)";
				CODE_SIGN_STYLE = Automatic;
				CURRENT_PROJECT_VERSION = 1;
				DEVELOPMENT_TEAM = NJPJ6AF4S5;
				GENERATE_INFOPLIST_FILE = YES;
				IPHONEOS_DEPLOYMENT_TARGET = 18.5;
				MARKETING_VERSION = 1.0;
				PRODUCT_BUNDLE_IDENTIFIER = com.moodae.MoodaeTests;
				PRODUCT_NAME = "$(TARGET_NAME)";
				SWIFT_EMIT_LOC_STRINGS = NO;
				SWIFT_VERSION = 5.0;
				TARGETED_DEVICE_FAMILY = "1,2";
				TEST_HOST = "$(BUILT_PRODUCTS_DIR)/Moodae.app/$(BUNDLE_EXECUTABLE_FOLDER_PATH)/Moodae";
			};
			name = Debug;
		};
		88ABDCCB2E2C5C7000BDC412 /* Release */ = {
			isa = XCBuildConfiguration;
			buildSettings = {
				BUNDLE_LOADER = "$(TEST_HOST)";
				CODE_SIGN_STYLE = Automatic;
				CURRENT_PROJECT_VERSION = 1;
				DEVELOPMENT_TEAM = NJPJ6AF4S5;
				GENERATE_INFOPLIST_FILE = YES;
				IPHONEOS_DEPLOYMENT_TARGET = 18.5;
				MARKETING_VERSION = 1.0;
				PRODUCT_BUNDLE_IDENTIFIER = com.moodae.MoodaeTests;
				PRODUCT_NAME = "$(TARGET_NAME)";
				SWIFT_EMIT_LOC_STRINGS = NO;
				SWIFT_VERSION = 5.0;
				TARGETED_DEVICE_FAMILY = "1,2";
				TEST_HOST = "$(BUILT_PRODUCTS_DIR)/Moodae.app/$(BUNDLE_EXECUTABLE_FOLDER_PATH)/Moodae";
			};
			name = Release;
		};
		88ABDCCD2E2C5C7000BDC412 /* Debug */ = {
			isa = XCBuildConfiguration;
			buildSettings = {
				CODE_SIGN_STYLE = Automatic;
				CURRENT_PROJECT_VERSION = 1;
				DEVELOPMENT_TEAM = NJPJ6AF4S5;
				GENERATE_INFOPLIST_FILE = YES;
				MARKETING_VERSION = 1.0;
				PRODUCT_BUNDLE_IDENTIFIER = com.moodae.MoodaeUITests;
				PRODUCT_NAME = "$(TARGET_NAME)";
				SWIFT_EMIT_LOC_STRINGS = NO;
				SWIFT_VERSION = 5.0;
				TARGETED_DEVICE_FAMILY = "1,2";
				TEST_TARGET_NAME = Moodae;
			};
			name = Debug;
		};
		88ABDCCE2E2C5C7000BDC412 /* Release */ = {
			isa = XCBuildConfiguration;
			buildSettings = {
				CODE_SIGN_STYLE = Automatic;
				CURRENT_PROJECT_VERSION = 1;
				DEVELOPMENT_TEAM = NJPJ6AF4S5;
				GENERATE_INFOPLIST_FILE = YES;
				MARKETING_VERSION = 1.0;
				PRODUCT_BUNDLE_IDENTIFIER = com.moodae.MoodaeUITests;
				PRODUCT_NAME = "$(TARGET_NAME)";
				SWIFT_EMIT_LOC_STRINGS = NO;
				SWIFT_VERSION = 5.0;
				TARGETED_DEVICE_FAMILY = "1,2";
				TEST_TARGET_NAME = Moodae;
			};
			name = Release;
		};
/* End XCBuildConfiguration section */

/* Begin XCConfigurationList section */
		88ABDCA02E2C5C6E00BDC412 /* Build configuration list for PBXProject "Moodae" */ = {
			isa = XCConfigurationList;
			buildConfigurations = (
				88ABDCC42E2C5C7000BDC412 /* Debug */,
				88ABDCC52E2C5C7000BDC412 /* Release */,
			);
			defaultConfigurationIsVisible = 0;
			defaultConfigurationName = Release;
		};
		88ABDCC62E2C5C7000BDC412 /* Build configuration list for PBXNativeTarget "Moodae" */ = {
			isa = XCConfigurationList;
			buildConfigurations = (
				88ABDCC72E2C5C7000BDC412 /* Debug */,
				88ABDCC82E2C5C7000BDC412 /* Release */,
			);
			defaultConfigurationIsVisible = 0;
			defaultConfigurationName = Release;
		};
		88ABDCC92E2C5C7000BDC412 /* Build configuration list for PBXNativeTarget "MoodaeTests" */ = {
			isa = XCConfigurationList;
			buildConfigurations = (
				88ABDCCA2E2C5C7000BDC412 /* Debug */,
				88ABDCCB2E2C5C7000BDC412 /* Release */,
			);
			defaultConfigurationIsVisible = 0;
			defaultConfigurationName = Release;
		};
		88ABDCCC2E2C5C7000BDC412 /* Build configuration list for PBXNativeTarget "MoodaeUITests" */ = {
			isa = XCConfigurationList;
			buildConfigurations = (
				88ABDCCD2E2C5C7000BDC412 /* Debug */,
				88ABDCCE2E2C5C7000BDC412 /* Release */,
			);
			defaultConfigurationIsVisible = 0;
			defaultConfigurationName = Release;
		};
/* End XCConfigurationList section */
	};
	rootObject = 88ABDC9D2E2C5C6E00BDC412 /* Project object */;
}
